
Microsoft Visual Studio Solution File, Format Version 12.00
# Visual Studio Version 17
VisualStudioVersion = 17.11.35327.3
MinimumVisualStudioVersion = 10.0.40219.1
Project("{2150E333-8FDC-42A3-9474-1A3956D46DE8}") = "Task0", "Task0", "{F5241D56-4CAC-4647-A142-6C079EB1564F}"
EndProject
Project("{FAE04EC0-301F-11D3-BF4B-00C04F79EFBC}") = "Tyuiu.AsharabzyanovaAR.Sprint6.Task0.V21.Lib", "Tyuiu.AsharabzyanovaAR.Sprint6.Task0.V21.Lib\Tyuiu.AsharabzyanovaAR.Sprint6.Task0.V21.Lib.csproj", "{FCD13CA2-7E15-4E8A-84E2-2A91F54180DB}"
EndProject
Project("{FAE04EC0-301F-11D3-BF4B-00C04F79EFBC}") = "Tyuiu.AsharabzyanovaAR.Sprint6.Task0.V21.Test", "Tyuiu.AsharabzyanovaAR.Sprint6.Task0.V21.Test\Tyuiu.AsharabzyanovaAR.Sprint6.Task0.V21.Test.csproj", "{211CBA41-8DD7-40FC-8FA2-28A99C5D55E7}"
EndProject
Project("{FAE04EC0-301F-11D3-BF4B-00C04F79EFBC}") = "Tyuiu.AsharabzyanovaAR.Sprint6.Task0.V21", "Tyuiu.AsharabzyanovaAR.Sprint6.Task0.V21\Tyuiu.AsharabzyanovaAR.Sprint6.Task0.V21.csproj", "{4CCC1EE0-3587-4386-BB51-D47648F0EDFE}"
EndProject
Project("{2150E333-8FDC-42A3-9474-1A3956D46DE8}") = "Task1", "Task1", "{BC0223B5-7C8A-441D-8118-6DD6A8032DD1}"
EndProject
Project("{FAE04EC0-301F-11D3-BF4B-00C04F79EFBC}") = "Tyuiu.AsharabzyanovaAR.Sprint6.Task1.V4.Lib", "Tyuiu.AsharabzyanovaAR.Sprint6.Task1.V4.Lib\Tyuiu.AsharabzyanovaAR.Sprint6.Task1.V4.Lib.csproj", "{624F8998-4E5F-4183-A984-A5FC5BD9A285}"
EndProject
Project("{FAE04EC0-301F-11D3-BF4B-00C04F79EFBC}") = "Tyuiu.AsharabzyanovaAR.Sprint6.Task1.V4.Test", "Tyuiu.AsharabzyanovaAR.Sprint6.Task1.V4.Test\Tyuiu.AsharabzyanovaAR.Sprint6.Task1.V4.Test.csproj", "{CA039E7D-DEED-4506-BA5B-F0685900D6B1}"
EndProject
Project("{FAE04EC0-301F-11D3-BF4B-00C04F79EFBC}") = "Tyuiu.AsharabzyanovaAR.Sprint6.Task1.V4", "Tyuiu.AsharabzyanovaAR.Sprint6.Task1.V4\Tyuiu.AsharabzyanovaAR.Sprint6.Task1.V4.csproj", "{7AFE90CE-5785-4BC4-BF50-FEF85BC18C68}"
EndProject
Project("{2150E333-8FDC-42A3-9474-1A3956D46DE8}") = "Task2", "Task2", "{8F74E62C-2599-44F5-B983-687D2A651222}"
EndProject
Project("{FAE04EC0-301F-11D3-BF4B-00C04F79EFBC}") = "Tyuiu.AsharabzyanovaAR.Sprint6.Task2.V12.Lib", "Tyuiu.AsharabzyanovaAR.Sprint6.Task2.V12.Lib\Tyuiu.AsharabzyanovaAR.Sprint6.Task2.V12.Lib.csproj", "{23CFF06B-FB3D-4739-8CAE-7C523BD56BC3}"
EndProject
Project("{FAE04EC0-301F-11D3-BF4B-00C04F79EFBC}") = "Tyuiu.AsharabzyanovaAR.Sprint6.Task2.V12.Test", "Tyuiu.AsharabzyanovaAR.Sprint6.Task2.V12.Test\Tyuiu.AsharabzyanovaAR.Sprint6.Task2.V12.Test.csproj", "{32796E26-D3EB-4D9B-A262-7C9B0F86EDB4}"
EndProject
Project("{FAE04EC0-301F-11D3-BF4B-00C04F79EFBC}") = "Tyuiu.AsharabzyanovaAR.Sprint6.Task2.V12", "Tyuiu.AsharabzyanovaAR.Sprint6.Task2.V12\Tyuiu.AsharabzyanovaAR.Sprint6.Task2.V12.csproj", "{1EDC2C0E-456B-49FA-8BF5-5C03F270EC5D}"
EndProject
Project("{2150E333-8FDC-42A3-9474-1A3956D46DE8}") = "Task3", "Task3", "{13C9DC50-262E-493F-9126-607F0773A2C9}"
EndProject
Project("{FAE04EC0-301F-11D3-BF4B-00C04F79EFBC}") = "Tyuiu.AsharabzyanovaAR.Sprint6.Task3.V28.Lib", "Tyuiu.AsharabzyanovaAR.Sprint6.Task3.V28.Lib\Tyuiu.AsharabzyanovaAR.Sprint6.Task3.V28.Lib.csproj", "{89C934A2-FB78-4FA8-8CC2-77ACA1D1BB72}"
EndProject
Project("{FAE04EC0-301F-11D3-BF4B-00C04F79EFBC}") = "Tyuiu.AsharabzyanovaAR.Sprint6.Task3.V28.Test", "Tyuiu.AsharabzyanovaAR.Sprint6.Task3.V28.Test\Tyuiu.AsharabzyanovaAR.Sprint6.Task3.V28.Test.csproj", "{6D96745B-5494-4405-930F-857A8924E02F}"
EndProject
Project("{FAE04EC0-301F-11D3-BF4B-00C04F79EFBC}") = "Tyuiu.AsharabzyanovaAR.Sprint6.Task3.V28", "Tyuiu.AsharabzyanovaAR.Sprint6.Task3.V28\Tyuiu.AsharabzyanovaAR.Sprint6.Task3.V28.csproj", "{303BDB5E-6C43-4E9A-9EFA-9BC73C4442C7}"
EndProject
Project("{2150E333-8FDC-42A3-9474-1A3956D46DE8}") = "Task4", "Task4", "{78667116-4AF2-4F64-85CC-39ED5852BFA9}"
EndProject
Project("{FAE04EC0-301F-11D3-BF4B-00C04F79EFBC}") = "Tyuiu.AsharabzyanovaAR.Sprint6.Task4.V3.Lib", "Tyuiu.AsharabzyanovaAR.Sprint6.Task4.V3.Lib\Tyuiu.AsharabzyanovaAR.Sprint6.Task4.V3.Lib.csproj", "{7A893A1B-4DEE-44DB-B4B6-986E46048658}"
EndProject
Project("{FAE04EC0-301F-11D3-BF4B-00C04F79EFBC}") = "Tyuiu.AsharabzyanovaAR.Sprint6.Task4.V3.Test", "Tyuiu.AsharabzyanovaAR.Sprint6.Task4.V3.Test\Tyuiu.AsharabzyanovaAR.Sprint6.Task4.V3.Test.csproj", "{5E936B85-29CC-4994-9498-6182A119AFC6}"
EndProject
Project("{FAE04EC0-301F-11D3-BF4B-00C04F79EFBC}") = "Tyuiu.AsharabzyanovaAR.Sprint6.Task4.V3", "Tyuiu.AsharabzyanovaAR.Sprint6.Task4.V3\Tyuiu.AsharabzyanovaAR.Sprint6.Task4.V3.csproj", "{976F6CE0-2493-4BB0-BBED-5847AF979EA5}"
EndProject
Project("{2150E333-8FDC-42A3-9474-1A3956D46DE8}") = "Task5", "Task5", "{B62DC34D-F7D4-4BEB-AE89-5FD17A2A09C0}"
EndProject
Project("{FAE04EC0-301F-11D3-BF4B-00C04F79EFBC}") = "Tyuiu.AsharabzyanovaAR.Sprint6.Task5.V21.Lib", "Tyuiu.AsharabzyanovaAR.Sprint6.Task5.V21.Lib\Tyuiu.AsharabzyanovaAR.Sprint6.Task5.V21.Lib.csproj", "{D1E81A91-F2A0-47A6-9595-40D1FD461686}"
EndProject
Project("{FAE04EC0-301F-11D3-BF4B-00C04F79EFBC}") = "Tyuiu.AsharabzyanovaAR.Sprint6.Task5.V21.Test", "Tyuiu.AsharabzyanovaAR.Sprint6.Task5.V21.Test\Tyuiu.AsharabzyanovaAR.Sprint6.Task5.V21.Test.csproj", "{620859D2-325F-45B3-87B2-A8227C3F647A}"
EndProject
Project("{FAE04EC0-301F-11D3-BF4B-00C04F79EFBC}") = "Tyuiu.AsharabzyanovaAR.Sprint6.Task5.V21", "Tyuiu.AsharabzyanovaAR.Sprint6.Task5.V21\Tyuiu.AsharabzyanovaAR.Sprint6.Task5.V21.csproj", "{F7A2F618-A7B6-4E87-AAA5-6E46C09E9D6B}"
EndProject
Project("{2150E333-8FDC-42A3-9474-1A3956D46DE8}") = "Task6", "Task6", "{6F47A9CD-39D9-48B8-AE08-1B430B9811AE}"
EndProject
Project("{FAE04EC0-301F-11D3-BF4B-00C04F79EFBC}") = "Tyuiu.AsharabzyanovaAR.Sprint6.Task6.V9.Lib", "Tyuiu.AsharabzyanovaAR.Sprint6.Task6.V9.Lib\Tyuiu.AsharabzyanovaAR.Sprint6.Task6.V9.Lib.csproj", "{3D6AD05A-F66B-46EE-90B5-B805FB2501F1}"
EndProject
Project("{FAE04EC0-301F-11D3-BF4B-00C04F79EFBC}") = "Tyuiu.AsharabzyanovaAR.Sprint6.Task6.V9.Test", "Tyuiu.AsharabzyanovaAR.Sprint6.Task6.V9.Test\Tyuiu.AsharabzyanovaAR.Sprint6.Task6.V9.Test.csproj", "{67903E10-B238-449C-B472-9F580AB7E688}"
EndProject
Project("{FAE04EC0-301F-11D3-BF4B-00C04F79EFBC}") = "Tyuiu.AsharabzyanovaAR.Sprint6.Task6.V9", "Tyuiu.AsharabzyanovaAR.Sprint6.Task6.V9\Tyuiu.AsharabzyanovaAR.Sprint6.Task6.V9.csproj", "{674ED46B-4398-4D46-B34E-B768BADD9A72}"
EndProject
Project("{2150E333-8FDC-42A3-9474-1A3956D46DE8}") = "Task7", "Task7", "{B07A5701-ADEA-47DE-A471-81CD5701B548}"
EndProject
Project("{FAE04EC0-301F-11D3-BF4B-00C04F79EFBC}") = "Tyuiu.AsharabzyanovaAR.Sprint6.Task7.V5.Lib", "Tyuiu.AsharabzyanovaAR.Sprint6.Task7.V5.Lib\Tyuiu.AsharabzyanovaAR.Sprint6.Task7.V5.Lib.csproj", "{598E41BD-05F9-413C-B77F-7D58CD02906E}"
EndProject
Project("{FAE04EC0-301F-11D3-BF4B-00C04F79EFBC}") = "Tyuiu.AsharabzyanovaAR.Sprint6.Task7.V5.Test", "Tyuiu.AsharabzyanovaAR.Sprint6.Task7.V5.Test\Tyuiu.AsharabzyanovaAR.Sprint6.Task7.V5.Test.csproj", "{65E08689-64FD-47D9-A9BA-41E6FF57FCB9}"
EndProject
Project("{FAE04EC0-301F-11D3-BF4B-00C04F79EFBC}") = "Tyuiu.AsharabzyanovaAR.Sprint6.Task7.V5", "Tyuiu.AsharabzyanovaAR.Sprint6.Task7.V5\Tyuiu.AsharabzyanovaAR.Sprint6.Task7.V5.csproj", "{743321E2-3C2C-4C88-8248-C9690D4C91D3}"
EndProject
Global
	GlobalSection(SolutionConfigurationPlatforms) = preSolution
		Debug|Any CPU = Debug|Any CPU
		Release|Any CPU = Release|Any CPU
	EndGlobalSection
	GlobalSection(ProjectConfigurationPlatforms) = postSolution
		{FCD13CA2-7E15-4E8A-84E2-2A91F54180DB}.Debug|Any CPU.ActiveCfg = Debug|Any CPU
		{FCD13CA2-7E15-4E8A-84E2-2A91F54180DB}.Debug|Any CPU.Build.0 = Debug|Any CPU
		{FCD13CA2-7E15-4E8A-84E2-2A91F54180DB}.Release|Any CPU.ActiveCfg = Release|Any CPU
		{FCD13CA2-7E15-4E8A-84E2-2A91F54180DB}.Release|Any CPU.Build.0 = Release|Any CPU
		{211CBA41-8DD7-40FC-8FA2-28A99C5D55E7}.Debug|Any CPU.ActiveCfg = Debug|Any CPU
		{211CBA41-8DD7-40FC-8FA2-28A99C5D55E7}.Debug|Any CPU.Build.0 = Debug|Any CPU
		{211CBA41-8DD7-40FC-8FA2-28A99C5D55E7}.Release|Any CPU.ActiveCfg = Release|Any CPU
		{211CBA41-8DD7-40FC-8FA2-28A99C5D55E7}.Release|Any CPU.Build.0 = Release|Any CPU
		{4CCC1EE0-3587-4386-BB51-D47648F0EDFE}.Debug|Any CPU.ActiveCfg = Debug|Any CPU
		{4CCC1EE0-3587-4386-BB51-D47648F0EDFE}.Debug|Any CPU.Build.0 = Debug|Any CPU
		{4CCC1EE0-3587-4386-BB51-D47648F0EDFE}.Release|Any CPU.ActiveCfg = Release|Any CPU
		{4CCC1EE0-3587-4386-BB51-D47648F0EDFE}.Release|Any CPU.Build.0 = Release|Any CPU
		{624F8998-4E5F-4183-A984-A5FC5BD9A285}.Debug|Any CPU.ActiveCfg = Debug|Any CPU
		{624F8998-4E5F-4183-A984-A5FC5BD9A285}.Debug|Any CPU.Build.0 = Debug|Any CPU
		{624F8998-4E5F-4183-A984-A5FC5BD9A285}.Release|Any CPU.ActiveCfg = Release|Any CPU
		{624F8998-4E5F-4183-A984-A5FC5BD9A285}.Release|Any CPU.Build.0 = Release|Any CPU
		{CA039E7D-DEED-4506-BA5B-F0685900D6B1}.Debug|Any CPU.ActiveCfg = Debug|Any CPU
		{CA039E7D-DEED-4506-BA5B-F0685900D6B1}.Debug|Any CPU.Build.0 = Debug|Any CPU
		{CA039E7D-DEED-4506-BA5B-F0685900D6B1}.Release|Any CPU.ActiveCfg = Release|Any CPU
		{CA039E7D-DEED-4506-BA5B-F0685900D6B1}.Release|Any CPU.Build.0 = Release|Any CPU
		{7AFE90CE-5785-4BC4-BF50-FEF85BC18C68}.Debug|Any CPU.ActiveCfg = Debug|Any CPU
		{7AFE90CE-5785-4BC4-BF50-FEF85BC18C68}.Debug|Any CPU.Build.0 = Debug|Any CPU
		{7AFE90CE-5785-4BC4-BF50-FEF85BC18C68}.Release|Any CPU.ActiveCfg = Release|Any CPU
		{7AFE90CE-5785-4BC4-BF50-FEF85BC18C68}.Release|Any CPU.Build.0 = Release|Any CPU
		{23CFF06B-FB3D-4739-8CAE-7C523BD56BC3}.Debug|Any CPU.ActiveCfg = Debug|Any CPU
		{23CFF06B-FB3D-4739-8CAE-7C523BD56BC3}.Debug|Any CPU.Build.0 = Debug|Any CPU
		{23CFF06B-FB3D-4739-8CAE-7C523BD56BC3}.Release|Any CPU.ActiveCfg = Release|Any CPU
		{23CFF06B-FB3D-4739-8CAE-7C523BD56BC3}.Release|Any CPU.Build.0 = Release|Any CPU
		{32796E26-D3EB-4D9B-A262-7C9B0F86EDB4}.Debug|Any CPU.ActiveCfg = Debug|Any CPU
		{32796E26-D3EB-4D9B-A262-7C9B0F86EDB4}.Debug|Any CPU.Build.0 = Debug|Any CPU
		{32796E26-D3EB-4D9B-A262-7C9B0F86EDB4}.Release|Any CPU.ActiveCfg = Release|Any CPU
		{32796E26-D3EB-4D9B-A262-7C9B0F86EDB4}.Release|Any CPU.Build.0 = Release|Any CPU
		{1EDC2C0E-456B-49FA-8BF5-5C03F270EC5D}.Debug|Any CPU.ActiveCfg = Debug|Any CPU
		{1EDC2C0E-456B-49FA-8BF5-5C03F270EC5D}.Debug|Any CPU.Build.0 = Debug|Any CPU
		{1EDC2C0E-456B-49FA-8BF5-5C03F270EC5D}.Release|Any CPU.ActiveCfg = Release|Any CPU
		{1EDC2C0E-456B-49FA-8BF5-5C03F270EC5D}.Release|Any CPU.Build.0 = Release|Any CPU
		{89C934A2-FB78-4FA8-8CC2-77ACA1D1BB72}.Debug|Any CPU.ActiveCfg = Debug|Any CPU
		{89C934A2-FB78-4FA8-8CC2-77ACA1D1BB72}.Debug|Any CPU.Build.0 = Debug|Any CPU
		{89C934A2-FB78-4FA8-8CC2-77ACA1D1BB72}.Release|Any CPU.ActiveCfg = Release|Any CPU
		{89C934A2-FB78-4FA8-8CC2-77ACA1D1BB72}.Release|Any CPU.Build.0 = Release|Any CPU
		{6D96745B-5494-4405-930F-857A8924E02F}.Debug|Any CPU.ActiveCfg = Debug|Any CPU
		{6D96745B-5494-4405-930F-857A8924E02F}.Debug|Any CPU.Build.0 = Debug|Any CPU
		{6D96745B-5494-4405-930F-857A8924E02F}.Release|Any CPU.ActiveCfg = Release|Any CPU
		{6D96745B-5494-4405-930F-857A8924E02F}.Release|Any CPU.Build.0 = Release|Any CPU
		{303BDB5E-6C43-4E9A-9EFA-9BC73C4442C7}.Debug|Any CPU.ActiveCfg = Debug|Any CPU
		{303BDB5E-6C43-4E9A-9EFA-9BC73C4442C7}.Debug|Any CPU.Build.0 = Debug|Any CPU
		{303BDB5E-6C43-4E9A-9EFA-9BC73C4442C7}.Release|Any CPU.ActiveCfg = Release|Any CPU
		{303BDB5E-6C43-4E9A-9EFA-9BC73C4442C7}.Release|Any CPU.Build.0 = Release|Any CPU
		{7A893A1B-4DEE-44DB-B4B6-986E46048658}.Debug|Any CPU.ActiveCfg = Debug|Any CPU
		{7A893A1B-4DEE-44DB-B4B6-986E46048658}.Debug|Any CPU.Build.0 = Debug|Any CPU
		{7A893A1B-4DEE-44DB-B4B6-986E46048658}.Release|Any CPU.ActiveCfg = Release|Any CPU
		{7A893A1B-4DEE-44DB-B4B6-986E46048658}.Release|Any CPU.Build.0 = Release|Any CPU
		{5E936B85-29CC-4994-9498-6182A119AFC6}.Debug|Any CPU.ActiveCfg = Debug|Any CPU
		{5E936B85-29CC-4994-9498-6182A119AFC6}.Debug|Any CPU.Build.0 = Debug|Any CPU
		{5E936B85-29CC-4994-9498-6182A119AFC6}.Release|Any CPU.ActiveCfg = Release|Any CPU
		{5E936B85-29CC-4994-9498-6182A119AFC6}.Release|Any CPU.Build.0 = Release|Any CPU
		{976F6CE0-2493-4BB0-BBED-5847AF979EA5}.Debug|Any CPU.ActiveCfg = Debug|Any CPU
		{976F6CE0-2493-4BB0-BBED-5847AF979EA5}.Debug|Any CPU.Build.0 = Debug|Any CPU
		{976F6CE0-2493-4BB0-BBED-5847AF979EA5}.Release|Any CPU.ActiveCfg = Release|Any CPU
		{976F6CE0-2493-4BB0-BBED-5847AF979EA5}.Release|Any CPU.Build.0 = Release|Any CPU
		{D1E81A91-F2A0-47A6-9595-40D1FD461686}.Debug|Any CPU.ActiveCfg = Debug|Any CPU
		{D1E81A91-F2A0-47A6-9595-40D1FD461686}.Debug|Any CPU.Build.0 = Debug|Any CPU
		{D1E81A91-F2A0-47A6-9595-40D1FD461686}.Release|Any CPU.ActiveCfg = Release|Any CPU
		{D1E81A91-F2A0-47A6-9595-40D1FD461686}.Release|Any CPU.Build.0 = Release|Any CPU
		{620859D2-325F-45B3-87B2-A8227C3F647A}.Debug|Any CPU.ActiveCfg = Debug|Any CPU
		{620859D2-325F-45B3-87B2-A8227C3F647A}.Debug|Any CPU.Build.0 = Debug|Any CPU
		{620859D2-325F-45B3-87B2-A8227C3F647A}.Release|Any CPU.ActiveCfg = Release|Any CPU
		{620859D2-325F-45B3-87B2-A8227C3F647A}.Release|Any CPU.Build.0 = Release|Any CPU
		{F7A2F618-A7B6-4E87-AAA5-6E46C09E9D6B}.Debug|Any CPU.ActiveCfg = Debug|Any CPU
		{F7A2F618-A7B6-4E87-AAA5-6E46C09E9D6B}.Debug|Any CPU.Build.0 = Debug|Any CPU
		{F7A2F618-A7B6-4E87-AAA5-6E46C09E9D6B}.Release|Any CPU.ActiveCfg = Release|Any CPU
		{F7A2F618-A7B6-4E87-AAA5-6E46C09E9D6B}.Release|Any CPU.Build.0 = Release|Any CPU
		{3D6AD05A-F66B-46EE-90B5-B805FB2501F1}.Debug|Any CPU.ActiveCfg = Debug|Any CPU
		{3D6AD05A-F66B-46EE-90B5-B805FB2501F1}.Debug|Any CPU.Build.0 = Debug|Any CPU
		{3D6AD05A-F66B-46EE-90B5-B805FB2501F1}.Release|Any CPU.ActiveCfg = Release|Any CPU
		{3D6AD05A-F66B-46EE-90B5-B805FB2501F1}.Release|Any CPU.Build.0 = Release|Any CPU
		{67903E10-B238-449C-B472-9F580AB7E688}.Debug|Any CPU.ActiveCfg = Debug|Any CPU
		{67903E10-B238-449C-B472-9F580AB7E688}.Debug|Any CPU.Build.0 = Debug|Any CPU
		{67903E10-B238-449C-B472-9F580AB7E688}.Release|Any CPU.ActiveCfg = Release|Any CPU
		{67903E10-B238-449C-B472-9F580AB7E688}.Release|Any CPU.Build.0 = Release|Any CPU
		{674ED46B-4398-4D46-B34E-B768BADD9A72}.Debug|Any CPU.ActiveCfg = Debug|Any CPU
		{674ED46B-4398-4D46-B34E-B768BADD9A72}.Debug|Any CPU.Build.0 = Debug|Any CPU
		{674ED46B-4398-4D46-B34E-B768BADD9A72}.Release|Any CPU.ActiveCfg = Release|Any CPU
		{674ED46B-4398-4D46-B34E-B768BADD9A72}.Release|Any CPU.Build.0 = Release|Any CPU
		{598E41BD-05F9-413C-B77F-7D58CD02906E}.Debug|Any CPU.ActiveCfg = Debug|Any CPU
		{598E41BD-05F9-413C-B77F-7D58CD02906E}.Debug|Any CPU.Build.0 = Debug|Any CPU
		{598E41BD-05F9-413C-B77F-7D58CD02906E}.Release|Any CPU.ActiveCfg = Release|Any CPU
		{598E41BD-05F9-413C-B77F-7D58CD02906E}.Release|Any CPU.Build.0 = Release|Any CPU
		{65E08689-64FD-47D9-A9BA-41E6FF57FCB9}.Debug|Any CPU.ActiveCfg = Debug|Any CPU
		{65E08689-64FD-47D9-A9BA-41E6FF57FCB9}.Debug|Any CPU.Build.0 = Debug|Any CPU
		{65E08689-64FD-47D9-A9BA-41E6FF57FCB9}.Release|Any CPU.ActiveCfg = Release|Any CPU
		{65E08689-64FD-47D9-A9BA-41E6FF57FCB9}.Release|Any CPU.Build.0 = Release|Any CPU
		{743321E2-3C2C-4C88-8248-C9690D4C91D3}.Debug|Any CPU.ActiveCfg = Debug|Any CPU
		{743321E2-3C2C-4C88-8248-C9690D4C91D3}.Debug|Any CPU.Build.0 = Debug|Any CPU
		{743321E2-3C2C-4C88-8248-C9690D4C91D3}.Release|Any CPU.ActiveCfg = Release|Any CPU
		{743321E2-3C2C-4C88-8248-C9690D4C91D3}.Release|Any CPU.Build.0 = Release|Any CPU
	EndGlobalSection
	GlobalSection(SolutionProperties) = preSolution
		HideSolutionNode = FALSE
	EndGlobalSection
	GlobalSection(NestedProjects) = preSolution
		{FCD13CA2-7E15-4E8A-84E2-2A91F54180DB} = {F5241D56-4CAC-4647-A142-6C079EB1564F}
		{211CBA41-8DD7-40FC-8FA2-28A99C5D55E7} = {F5241D56-4CAC-4647-A142-6C079EB1564F}
		{4CCC1EE0-3587-4386-BB51-D47648F0EDFE} = {F5241D56-4CAC-4647-A142-6C079EB1564F}
		{624F8998-4E5F-4183-A984-A5FC5BD9A285} = {BC0223B5-7C8A-441D-8118-6DD6A8032DD1}
		{CA039E7D-DEED-4506-BA5B-F0685900D6B1} = {BC0223B5-7C8A-441D-8118-6DD6A8032DD1}
		{7AFE90CE-5785-4BC4-BF50-FEF85BC18C68} = {BC0223B5-7C8A-441D-8118-6DD6A8032DD1}
		{23CFF06B-FB3D-4739-8CAE-7C523BD56BC3} = {8F74E62C-2599-44F5-B983-687D2A651222}
		{32796E26-D3EB-4D9B-A262-7C9B0F86EDB4} = {8F74E62C-2599-44F5-B983-687D2A651222}
		{1EDC2C0E-456B-49FA-8BF5-5C03F270EC5D} = {8F74E62C-2599-44F5-B983-687D2A651222}
		{89C934A2-FB78-4FA8-8CC2-77ACA1D1BB72} = {13C9DC50-262E-493F-9126-607F0773A2C9}
		{6D96745B-5494-4405-930F-857A8924E02F} = {13C9DC50-262E-493F-9126-607F0773A2C9}
		{303BDB5E-6C43-4E9A-9EFA-9BC73C4442C7} = {13C9DC50-262E-493F-9126-607F0773A2C9}
		{7A893A1B-4DEE-44DB-B4B6-986E46048658} = {78667116-4AF2-4F64-85CC-39ED5852BFA9}
		{5E936B85-29CC-4994-9498-6182A119AFC6} = {78667116-4AF2-4F64-85CC-39ED5852BFA9}
		{976F6CE0-2493-4BB0-BBED-5847AF979EA5} = {78667116-4AF2-4F64-85CC-39ED5852BFA9}
		{D1E81A91-F2A0-47A6-9595-40D1FD461686} = {B62DC34D-F7D4-4BEB-AE89-5FD17A2A09C0}
		{620859D2-325F-45B3-87B2-A8227C3F647A} = {B62DC34D-F7D4-4BEB-AE89-5FD17A2A09C0}
		{F7A2F618-A7B6-4E87-AAA5-6E46C09E9D6B} = {B62DC34D-F7D4-4BEB-AE89-5FD17A2A09C0}
		{3D6AD05A-F66B-46EE-90B5-B805FB2501F1} = {6F47A9CD-39D9-48B8-AE08-1B430B9811AE}
		{67903E10-B238-449C-B472-9F580AB7E688} = {6F47A9CD-39D9-48B8-AE08-1B430B9811AE}
		{674ED46B-4398-4D46-B34E-B768BADD9A72} = {6F47A9CD-39D9-48B8-AE08-1B430B9811AE}
		{598E41BD-05F9-413C-B77F-7D58CD02906E} = {B07A5701-ADEA-47DE-A471-81CD5701B548}
		{65E08689-64FD-47D9-A9BA-41E6FF57FCB9} = {B07A5701-ADEA-47DE-A471-81CD5701B548}
		{743321E2-3C2C-4C88-8248-C9690D4C91D3} = {B07A5701-ADEA-47DE-A471-81CD5701B548}
	EndGlobalSection
	GlobalSection(ExtensibilityGlobals) = postSolution
		SolutionGuid = {7FAE1E44-5425-441A-A068-6700BE547EA7}
	EndGlobalSection
EndGlobal
